# This file is automatically @generated by Cargo.
# It is not intended for manual editing.
version = 4

[[package]]
name = "anstyle"
version = "1.0.11"
source = "registry+https://github.com/rust-lang/crates.io-index"
checksum = "862ed96ca487e809f1c8e5a8447f6ee2cf102f846893800b20cebdf541fc6bbd"

[[package]]
name = "bitflags"
version = "2.9.4"
source = "registry+https://github.com/rust-lang/crates.io-index"
checksum = "2261d10cca569e4643e526d8dc2e62e433cc8aba21ab764233731f8d369bf394"

[[package]]
name = "choomd"
version = "1.0.1"
dependencies = [
 "clap",
 "env_logger",
 "glob",
 "humantime",
 "log",
 "procfs",
 "toml",
 "users",
]

[[package]]
name = "clap"
version = "4.5.47"
source = "registry+https://github.com/rust-lang/crates.io-index"
checksum = "7eac00902d9d136acd712710d71823fb8ac8004ca445a89e73a41d45aa712931"
dependencies = [
 "clap_builder",
 "clap_derive",
]

[[package]]
name = "clap_builder"
version = "4.5.47"
source = "registry+https://github.com/rust-lang/crates.io-index"
checksum = "2ad9bbf750e73b5884fb8a211a9424a1906c1e156724260fdae972f31d70e1d6"
dependencies = [
 "anstyle",
 "clap_lex",
]

[[package]]
name = "clap_derive"
version = "4.5.47"
source = "registry+https://github.com/rust-lang/crates.io-index"
checksum = "bbfd7eae0b0f1a6e63d4b13c9c478de77c2eb546fba158ad50b4203dc24b9f9c"
dependencies = [
 "heck",
 "proc-macro2",
 "quote",
 "syn",
]

[[package]]
name = "clap_lex"
version = "0.7.5"
source = "registry+https://github.com/rust-lang/crates.io-index"
checksum = "b94f61472cee1439c0b966b47e3aca9ae07e45d070759512cd390ea2bebc6675"

[[package]]
name = "env_filter"
version = "0.1.3"
source = "registry+https://github.com/rust-lang/crates.io-index"
checksum = "186e05a59d4c50738528153b83b0b0194d3a29507dfec16eccd4b342903397d0"
dependencies = [
 "log",
]

[[package]]
name = "env_logger"
version = "0.11.8"
source = "registry+https://github.com/rust-lang/crates.io-index"
checksum = "13c863f0904021b108aa8b2f55046443e6b1ebde8fd4a15c399893aae4fa069f"
dependencies = [
 "env_filter",
 "log",
]

[[package]]
name = "equivalent"
version = "1.0.2"
source = "registry+https://github.com/rust-lang/crates.io-index"
checksum = "877a4ace8713b0bcf2a4e7eec82529c029f1d0619886d18145fea96c3ffe5c0f"

[[package]]
name = "errno"
version = "0.3.14"
source = "registry+https://github.com/rust-lang/crates.io-index"
checksum = "39cab71617ae0d63f51a36d69f866391735b51691dbda63cf6f96d042b63efeb"
dependencies = [
 "libc",
 "windows-sys",
]

[[package]]
name = "glob"
version = "0.3.3"
source = "registry+https://github.com/rust-lang/crates.io-index"
checksum = "0cc23270f6e1808e30a928bdc84dea0b9b4136a8bc82338574f23baf47bbd280"

[[package]]
name = "hashbrown"
version = "0.15.5"
source = "registry+https://github.com/rust-lang/crates.io-index"
checksum = "9229cfe53dfd69f0609a49f65461bd93001ea1ef889cd5529dd176593f5338a1"

[[package]]
name = "heck"
version = "0.5.0"
source = "registry+https://github.com/rust-lang/crates.io-index"
checksum = "2304e00983f87ffb38b55b444b5e3b60a884b5d30c0fca7d82fe33449bbe55ea"

[[package]]
name = "hex"
version = "0.4.3"
source = "registry+https://github.com/rust-lang/crates.io-index"
checksum = "7f24254aa9a54b5c858eaee2f5bccdb46aaf0e486a595ed5fd8f86ba55232a70"

[[package]]
name = "humantime"
version = "2.3.0"
source = "registry+https://github.com/rust-lang/crates.io-index"
checksum = "135b12329e5e3ce057a9f972339ea52bc954fe1e9358ef27f95e89716fbc5424"

[[package]]
name = "indexmap"
version = "2.11.1"
source = "registry+https://github.com/rust-lang/crates.io-index"
checksum = "206a8042aec68fa4a62e8d3f7aa4ceb508177d9324faf261e1959e495b7a1921"
dependencies = [
 "equivalent",
 "hashbrown",
]

[[package]]
name = "libc"
version = "0.2.175"
source = "registry+https://github.com/rust-lang/crates.io-index"
checksum = "6a82ae493e598baaea5209805c49bbf2ea7de956d50d7da0da1164f9c6d28543"

[[package]]
name = "linux-raw-sys"
version = "0.11.0"
source = "registry+https://github.com/rust-lang/crates.io-index"
checksum = "df1d3c3b53da64cf5760482273a98e575c651a67eec7f77df96b5b642de8f039"

[[package]]
name = "log"
version = "0.4.28"
source = "registry+https://github.com/rust-lang/crates.io-index"
checksum = "34080505efa8e45a4b816c349525ebe327ceaa8559756f0356cba97ef3bf7432"

[[package]]
name = "proc-macro2"
version = "1.0.101"
source = "registry+https://github.com/rust-lang/crates.io-index"
checksum = "89ae43fd86e4158d6db51ad8e2b80f313af9cc74f5c0e03ccb87de09998732de"
dependencies = [
 "unicode-ident",
]

[[package]]
name = "procfs"
version = "0.18.0"
source = "registry+https://github.com/rust-lang/crates.io-index"
checksum = "25485360a54d6861439d60facef26de713b1e126bf015ec8f98239467a2b82f7"
dependencies = [
 "bitflags",
 "procfs-core",
 "rustix",
]

[[package]]
name = "procfs-core"
version = "0.18.0"
source = "registry+https://github.com/rust-lang/crates.io-index"
checksum = "e6401bf7b6af22f78b563665d15a22e9aef27775b79b149a66ca022468a4e405"
dependencies = [
 "bitflags",
 "hex",
]

[[package]]
name = "quote"
version = "1.0.40"
source = "registry+https://github.com/rust-lang/crates.io-index"
checksum = "1885c039570dc00dcb4ff087a89e185fd56bae234ddc7f056a945bf36467248d"
dependencies = [
 "proc-macro2",
]

[[package]]
name = "rustix"
version = "1.1.2"
source = "registry+https://github.com/rust-lang/crates.io-index"
checksum = "cd15f8a2c5551a84d56efdc1cd049089e409ac19a3072d5037a17fd70719ff3e"
dependencies = [
 "bitflags",
 "errno",
 "libc",
 "linux-raw-sys",
 "windows-sys",
]

[[package]]
name = "serde"
version = "1.0.221"
source = "registry+https://github.com/rust-lang/crates.io-index"
checksum = "341877e04a22458705eb4e131a1508483c877dca2792b3781d4e5d8a6019ec43"
dependencies = [
 "serde_core",
]

[[package]]
name = "serde_core"
version = "1.0.221"
source = "registry+https://github.com/rust-lang/crates.io-index"
checksum = "0c459bc0a14c840cb403fc14b148620de1e0778c96ecd6e0c8c3cacb6d8d00fe"
dependencies = [
 "serde_derive",
]

[[package]]
name = "serde_derive"
version = "1.0.221"
source = "registry+https://github.com/rust-lang/crates.io-index"
checksum = "d6185cf75117e20e62b1ff867b9518577271e58abe0037c40bb4794969355ab0"
dependencies = [
 "proc-macro2",
 "quote",
 "syn",
]

[[package]]
name = "serde_spanned"
version = "1.0.0"
source = "registry+https://github.com/rust-lang/crates.io-index"
checksum = "40734c41988f7306bb04f0ecf60ec0f3f1caa34290e4e8ea471dcd3346483b83"
dependencies = [
 "serde",
]

[[package]]
name = "syn"
version = "2.0.106"
source = "registry+https://github.com/rust-lang/crates.io-index"
checksum = "ede7c438028d4436d71104916910f5bb611972c5cfd7f89b8300a8186e6fada6"
dependencies = [
 "proc-macro2",
 "quote",
 "unicode-ident",
]

[[package]]
name = "toml"
version = "0.9.5"
source = "registry+https://github.com/rust-lang/crates.io-index"
checksum = "75129e1dc5000bfbaa9fee9d1b21f974f9fbad9daec557a521ee6e080825f6e8"
dependencies = [
 "indexmap",
 "serde",
 "serde_spanned",
 "toml_datetime",
 "toml_parser",
 "toml_writer",
 "winnow",
]

[[package]]
name = "toml_datetime"
version = "0.7.0"
source = "registry+https://github.com/rust-lang/crates.io-index"
checksum = "bade1c3e902f58d73d3f294cd7f20391c1cb2fbcb643b73566bc773971df91e3"
dependencies = [
 "serde",
]

[[package]]
name = "toml_parser"
version = "1.0.2"
source = "registry+https://github.com/rust-lang/crates.io-index"
checksum = "b551886f449aa90d4fe2bdaa9f4a2577ad2dde302c61ecf262d80b116db95c10"
dependencies = [
 "winnow",
]

[[package]]
name = "toml_writer"
version = "1.0.2"
source = "registry+https://github.com/rust-lang/crates.io-index"
checksum = "fcc842091f2def52017664b53082ecbbeb5c7731092bad69d2c63050401dfd64"

[[package]]
name = "unicode-ident"
version = "1.0.19"
source = "registry+https://github.com/rust-lang/crates.io-index"
checksum = "f63a545481291138910575129486daeaf8ac54aee4387fe7906919f7830c7d9d"

[[package]]
name = "users"
version = "0.11.0"
source = "registry+https://github.com/rust-lang/crates.io-index"
checksum = "24cc0f6d6f267b73e5a2cadf007ba8f9bc39c6a6f9666f8cf25ea809a153b032"
dependencies = [
 "libc",
]

[[package]]
name = "windows-link"
version = "0.2.0"
source = "registry+https://github.com/rust-lang/crates.io-index"
checksum = "45e46c0661abb7180e7b9c281db115305d49ca1709ab8242adf09666d2173c65"

[[package]]
name = "windows-sys"
version = "0.61.0"
source = "registry+https://github.com/rust-lang/crates.io-index"
checksum = "e201184e40b2ede64bc2ea34968b28e33622acdbbf37104f0e4a33f7abe657aa"
dependencies = [
 "windows-link",
]

[[package]]
name = "winnow"
version = "0.7.13"
source = "registry+https://github.com/rust-lang/crates.io-index"
checksum = "21a0236b59786fed61e2a80582dd500fe61f18b5dca67a4a067d0bc9039339cf"
